
Microsoft Visual Studio Solution File, Format Version 12.00
# Visual Studio Version 17
VisualStudioVersion = 17.2.32630.192
MinimumVisualStudioVersion = 10.0.40219.1
Project("{FAE04EC0-301F-11D3-BF4B-00C04F79EFBC}") = "1.8", "chapter1\1.8\1.8.csproj", "{B3C15481-0CD6-4ED7-8545-BE9256FBEEDD}"
EndProject
Project("{9A19103F-16F7-4668-BE54-9A1E7A4F7556}") = "2.2", "chapter2\2.2\2.2.csproj", "{A8E49545-0E83-44BF-ADB4-A38B4E4D2CDA}"
EndProject
Project("{2150E333-8FDC-42A3-9474-1A3956D46DE8}") = "chapter2", "chapter2", "{87AA3403-E589-410F-B38C-072B5E7615F8}"
EndProject
Project("{9A19103F-16F7-4668-BE54-9A1E7A4F7556}") = "2.4", "chapter2\2.4\2.4.csproj", "{6C08E468-0F19-4348-B35F-3F3EFA48D102}"
EndProject
Project("{2150E333-8FDC-42A3-9474-1A3956D46DE8}") = "chapter1", "chapter1", "{2B28C66C-A5AC-4A95-B866-0531E3B1684E}"
EndProject
Project("{FAE04EC0-301F-11D3-BF4B-00C04F79EFBC}") = "4-1", "chapter4\4-1\4-1.csproj", "{0A11D614-B85C-41D6-8F58-38D476076A82}"
EndProject
Project("{2150E333-8FDC-42A3-9474-1A3956D46DE8}") = "chapter4", "chapter4", "{F430E8DA-2497-4C86-A72B-9CF0E0045ABD}"
EndProject
Project("{FAE04EC0-301F-11D3-BF4B-00C04F79EFBC}") = "4-2", "chapter4\4-2\4-2.csproj", "{233D40B0-A4B2-48D2-AC89-D7E09AE59A13}"
EndProject
Project("{2150E333-8FDC-42A3-9474-1A3956D46DE8}") = "chapter5", "chapter5", "{21CF1BAE-B487-4E30-8C0B-EE7BF443F6F7}"
EndProject
Project("{FAE04EC0-301F-11D3-BF4B-00C04F79EFBC}") = "5-2", "chapter5\5.2\5-2.csproj", "{92BC1C5F-C088-47B0-90AA-65A0941DEE78}"
EndProject
Project("{FAE04EC0-301F-11D3-BF4B-00C04F79EFBC}") = "5-5", "chapter5\5.5\5-5.csproj", "{0153FBA2-05E0-4562-AC4C-3377F36E366B}"
EndProject
Project("{2150E333-8FDC-42A3-9474-1A3956D46DE8}") = "chapter6", "chapter6", "{5DAFD793-5F10-4511-9B42-6AD2C69D7837}"
EndProject
Project("{FAE04EC0-301F-11D3-BF4B-00C04F79EFBC}") = "6-3", "chapter6\6-3\6-3.csproj", "{B31B4C2A-6443-45DD-B275-033EF6905D34}"
EndProject
Project("{2150E333-8FDC-42A3-9474-1A3956D46DE8}") = "chapter7", "chapter7", "{A2321FFA-21FE-4AB8-8083-35E0D11CCFE2}"
EndProject
Project("{FAE04EC0-301F-11D3-BF4B-00C04F79EFBC}") = "SomeLibrary", "chapter7\SomeLibrary\SomeLibrary.csproj", "{48736EF1-A1C5-4515-BAEE-07E7E15F88ED}"
EndProject
Project("{FAE04EC0-301F-11D3-BF4B-00C04F79EFBC}") = "7.1", "chapter7\7.1\7.1.csproj", "{754652D9-7BEA-4F75-9574-752392CFD1CF}"
EndProject
Project("{2150E333-8FDC-42A3-9474-1A3956D46DE8}") = "chapter10", "chapter10", "{1FD05BB8-E15D-4990-86F4-F2B581740804}"
EndProject
Project("{FAE04EC0-301F-11D3-BF4B-00C04F79EFBC}") = "10-1", "chapter10\10-1\10-1.csproj", "{BBE39A1A-2BAE-433B-9B41-30A094399D1A}"
EndProject
Project("{FAE04EC0-301F-11D3-BF4B-00C04F79EFBC}") = "10-2", "chapter10\10-2\10-2.csproj", "{76F2C170-C5B4-4D94-8167-4AED164E0CC7}"
EndProject
Project("{2150E333-8FDC-42A3-9474-1A3956D46DE8}") = "chapter11", "chapter11", "{41B641D4-EADB-4060-AC72-F98BC9AC03DB}"
EndProject
Project("{FAE04EC0-301F-11D3-BF4B-00C04F79EFBC}") = "11-1", "chapter11\11-1\11-1.csproj", "{C564AEF4-36C1-4675-8035-2E59B9F3428C}"
EndProject
Project("{2150E333-8FDC-42A3-9474-1A3956D46DE8}") = "chapter12", "chapter12", "{79888EE6-F5AE-4934-A994-ED05A6784BA0}"
EndProject
Project("{FAE04EC0-301F-11D3-BF4B-00C04F79EFBC}") = "12-1", "chapter12\12-1\12-1.csproj", "{585BA974-BE3A-4B61-B493-61029AA57167}"
EndProject
Project("{2150E333-8FDC-42A3-9474-1A3956D46DE8}") = "Tips", "Tips", "{0EEBAFE7-287B-4358-8FCE-02C4E09ADF1F}"
EndProject
Project("{FAE04EC0-301F-11D3-BF4B-00C04F79EFBC}") = "ConditionalAttr", "Tips\ConditionalAttr\ConditionalAttr.csproj", "{0ADB9930-F9B0-42D8-933A-E28EE694474A}"
EndProject
Project("{FAE04EC0-301F-11D3-BF4B-00C04F79EFBC}") = "Reflection", "Tips\Reflection\Reflection.csproj", "{8F321FE0-3114-4A91-A454-BD6577DB68C9}"
EndProject
Project("{FAE04EC0-301F-11D3-BF4B-00C04F79EFBC}") = "ifOptimize", "Tips\ifOptimize\ifOptimize.csproj", "{E6168C2B-44A6-45AD-B7EA-C9E1F90D01C9}"
EndProject
Project("{2150E333-8FDC-42A3-9474-1A3956D46DE8}") = "Tools", "Tools", "{920E135A-5B43-48D6-B73E-9C85FFFE1833}"
EndProject
Project("{FAE04EC0-301F-11D3-BF4B-00C04F79EFBC}") = "Tools", "Tools\Tools\Tools.csproj", "{37A612C9-E0B4-4594-AEA7-F8F7F0E9B6F6}"
EndProject
Project("{FAE04EC0-301F-11D3-BF4B-00C04F79EFBC}") = "CompareReadAndWrite", "Tips\CompareReadAndWrite\CompareReadAndWrite.csproj", "{20D0299F-8BEB-4330-8AE2-091A7E0E56D6}"
EndProject
Project("{FAE04EC0-301F-11D3-BF4B-00C04F79EFBC}") = "stringOpCost", "Tips\stringOpCost\stringOpCost.csproj", "{C4C34386-72BC-4D3F-9CC8-F83BBC707E0B}"
EndProject
Project("{FAE04EC0-301F-11D3-BF4B-00C04F79EFBC}") = "ReaderWriterLock", "Tips\ReaderWriterLock\ReaderWriterLock.csproj", "{0360BC8D-5303-42EF-980C-A387C72AAB28}"
EndProject
Project("{FAE04EC0-301F-11D3-BF4B-00C04F79EFBC}") = "ReaderWriterLockSlim", "Tips\ReaderWriterLockSlim\ReaderWriterLockSlim.csproj", "{4F51B552-93DD-4D64-A97C-BCDC1B42D4DA}"
EndProject
Project("{FAE04EC0-301F-11D3-BF4B-00C04F79EFBC}") = "inheritance", "Tips\inheritance\inheritance.csproj", "{378BE88D-ED57-4B50-88F5-299F696C5374}"
EndProject
Project("{FAE04EC0-301F-11D3-BF4B-00C04F79EFBC}") = "ValueTpyeArrayParse", "Tips\ValueTpyeArrayParse\ValueTpyeArrayParse.csproj", "{266F735B-16A5-46F0-8E30-671C63EDC59B}"
EndProject
Project("{FAE04EC0-301F-11D3-BF4B-00C04F79EFBC}") = "allocconsole", "Tips\AllocConsole\allocconsole.csproj", "{2AE516D0-37D4-4E1C-A5B7-D1CA5FA63C26}"
EndProject
Project("{2150E333-8FDC-42A3-9474-1A3956D46DE8}") = "chapter20", "chapter20", "{DEA6A564-6E0F-4781-BC7A-A26AE09804B4}"
EndProject
Project("{FAE04EC0-301F-11D3-BF4B-00C04F79EFBC}") = "20-2", "chapter20\20-2\20-2.csproj", "{1AC1B2AD-24DA-4FE6-9446-5DE351C417BB}"
EndProject
Project("{2150E333-8FDC-42A3-9474-1A3956D46DE8}") = "TestExternalSdk", "TestExternalSdk", "{92990BFA-6BFF-4F43-9662-0048A35438DA}"
EndProject
Project("{FAE04EC0-301F-11D3-BF4B-00C04F79EFBC}") = "TestRecastNavigation", "TestExternalSdk\TestRecastNavigation\TestRecastNavigation.csproj", "{CB2F09EA-75E7-4D40-9C58-275458D9D2A5}"
EndProject
Project("{2150E333-8FDC-42A3-9474-1A3956D46DE8}") = "chapter21", "chapter21", "{E485F199-F5D8-419E-A972-124199062B56}"
EndProject
Project("{2150E333-8FDC-42A3-9474-1A3956D46DE8}") = "chapter22", "chapter22", "{D8AC83AB-B580-43B2-A12A-FC2B97BCECF2}"
EndProject
Project("{FAE04EC0-301F-11D3-BF4B-00C04F79EFBC}") = "gc", "chapter21\gc\gc.csproj", "{6D2A9BD2-BB20-4970-98D3-BD62C0F145F1}"
EndProject
Project("{FAE04EC0-301F-11D3-BF4B-00C04F79EFBC}") = "appdomain", "chapter22\appdomain\appdomain.csproj", "{5B1BE791-0EE5-4B5A-8139-B91E1EF5D235}"
EndProject
Project("{FAE04EC0-301F-11D3-BF4B-00C04F79EFBC}") = "DisposeAndFinalize", "Tips\DisposeAndFinalize\DisposeAndFinalize.csproj", "{8C7A769A-4459-440B-8AC4-DF2293D4234F}"
EndProject
Global
	GlobalSection(SolutionConfigurationPlatforms) = preSolution
		Debug|Any CPU = Debug|Any CPU
		Debug|x64 = Debug|x64
		Debug|x86 = Debug|x86
		Release|Any CPU = Release|Any CPU
		Release|x64 = Release|x64
		Release|x86 = Release|x86
	EndGlobalSection
	GlobalSection(ProjectConfigurationPlatforms) = postSolution
		{B3C15481-0CD6-4ED7-8545-BE9256FBEEDD}.Debug|Any CPU.ActiveCfg = Debug|Any CPU
		{B3C15481-0CD6-4ED7-8545-BE9256FBEEDD}.Debug|Any CPU.Build.0 = Debug|Any CPU
		{B3C15481-0CD6-4ED7-8545-BE9256FBEEDD}.Debug|x64.ActiveCfg = Debug|Any CPU
		{B3C15481-0CD6-4ED7-8545-BE9256FBEEDD}.Debug|x64.Build.0 = Debug|Any CPU
		{B3C15481-0CD6-4ED7-8545-BE9256FBEEDD}.Debug|x86.ActiveCfg = Debug|Any CPU
		{B3C15481-0CD6-4ED7-8545-BE9256FBEEDD}.Debug|x86.Build.0 = Debug|Any CPU
		{B3C15481-0CD6-4ED7-8545-BE9256FBEEDD}.Release|Any CPU.ActiveCfg = Release|Any CPU
		{B3C15481-0CD6-4ED7-8545-BE9256FBEEDD}.Release|Any CPU.Build.0 = Release|Any CPU
		{B3C15481-0CD6-4ED7-8545-BE9256FBEEDD}.Release|x64.ActiveCfg = Release|Any CPU
		{B3C15481-0CD6-4ED7-8545-BE9256FBEEDD}.Release|x64.Build.0 = Release|Any CPU
		{B3C15481-0CD6-4ED7-8545-BE9256FBEEDD}.Release|x86.ActiveCfg = Release|Any CPU
		{B3C15481-0CD6-4ED7-8545-BE9256FBEEDD}.Release|x86.Build.0 = Release|Any CPU
		{A8E49545-0E83-44BF-ADB4-A38B4E4D2CDA}.Debug|Any CPU.ActiveCfg = Debug|Any CPU
		{A8E49545-0E83-44BF-ADB4-A38B4E4D2CDA}.Debug|Any CPU.Build.0 = Debug|Any CPU
		{A8E49545-0E83-44BF-ADB4-A38B4E4D2CDA}.Debug|x64.ActiveCfg = Debug|Any CPU
		{A8E49545-0E83-44BF-ADB4-A38B4E4D2CDA}.Debug|x64.Build.0 = Debug|Any CPU
		{A8E49545-0E83-44BF-ADB4-A38B4E4D2CDA}.Debug|x86.ActiveCfg = Debug|Any CPU
		{A8E49545-0E83-44BF-ADB4-A38B4E4D2CDA}.Debug|x86.Build.0 = Debug|Any CPU
		{A8E49545-0E83-44BF-ADB4-A38B4E4D2CDA}.Release|Any CPU.ActiveCfg = Release|Any CPU
		{A8E49545-0E83-44BF-ADB4-A38B4E4D2CDA}.Release|Any CPU.Build.0 = Release|Any CPU
		{A8E49545-0E83-44BF-ADB4-A38B4E4D2CDA}.Release|x64.ActiveCfg = Release|Any CPU
		{A8E49545-0E83-44BF-ADB4-A38B4E4D2CDA}.Release|x64.Build.0 = Release|Any CPU
		{A8E49545-0E83-44BF-ADB4-A38B4E4D2CDA}.Release|x86.ActiveCfg = Release|Any CPU
		{A8E49545-0E83-44BF-ADB4-A38B4E4D2CDA}.Release|x86.Build.0 = Release|Any CPU
		{6C08E468-0F19-4348-B35F-3F3EFA48D102}.Debug|Any CPU.ActiveCfg = Debug|Any CPU
		{6C08E468-0F19-4348-B35F-3F3EFA48D102}.Debug|Any CPU.Build.0 = Debug|Any CPU
		{6C08E468-0F19-4348-B35F-3F3EFA48D102}.Debug|x64.ActiveCfg = Debug|Any CPU
		{6C08E468-0F19-4348-B35F-3F3EFA48D102}.Debug|x64.Build.0 = Debug|Any CPU
		{6C08E468-0F19-4348-B35F-3F3EFA48D102}.Debug|x86.ActiveCfg = Debug|Any CPU
		{6C08E468-0F19-4348-B35F-3F3EFA48D102}.Debug|x86.Build.0 = Debug|Any CPU
		{6C08E468-0F19-4348-B35F-3F3EFA48D102}.Release|Any CPU.ActiveCfg = Release|Any CPU
		{6C08E468-0F19-4348-B35F-3F3EFA48D102}.Release|Any CPU.Build.0 = Release|Any CPU
		{6C08E468-0F19-4348-B35F-3F3EFA48D102}.Release|x64.ActiveCfg = Release|Any CPU
		{6C08E468-0F19-4348-B35F-3F3EFA48D102}.Release|x64.Build.0 = Release|Any CPU
		{6C08E468-0F19-4348-B35F-3F3EFA48D102}.Release|x86.ActiveCfg = Release|Any CPU
		{6C08E468-0F19-4348-B35F-3F3EFA48D102}.Release|x86.Build.0 = Release|Any CPU
		{0A11D614-B85C-41D6-8F58-38D476076A82}.Debug|Any CPU.ActiveCfg = Debug|Any CPU
		{0A11D614-B85C-41D6-8F58-38D476076A82}.Debug|Any CPU.Build.0 = Debug|Any CPU
		{0A11D614-B85C-41D6-8F58-38D476076A82}.Debug|x64.ActiveCfg = Debug|Any CPU
		{0A11D614-B85C-41D6-8F58-38D476076A82}.Debug|x64.Build.0 = Debug|Any CPU
		{0A11D614-B85C-41D6-8F58-38D476076A82}.Debug|x86.ActiveCfg = Debug|Any CPU
		{0A11D614-B85C-41D6-8F58-38D476076A82}.Debug|x86.Build.0 = Debug|Any CPU
		{0A11D614-B85C-41D6-8F58-38D476076A82}.Release|Any CPU.ActiveCfg = Release|Any CPU
		{0A11D614-B85C-41D6-8F58-38D476076A82}.Release|Any CPU.Build.0 = Release|Any CPU
		{0A11D614-B85C-41D6-8F58-38D476076A82}.Release|x64.ActiveCfg = Release|Any CPU
		{0A11D614-B85C-41D6-8F58-38D476076A82}.Release|x64.Build.0 = Release|Any CPU
		{0A11D614-B85C-41D6-8F58-38D476076A82}.Release|x86.ActiveCfg = Release|Any CPU
		{0A11D614-B85C-41D6-8F58-38D476076A82}.Release|x86.Build.0 = Release|Any CPU
		{233D40B0-A4B2-48D2-AC89-D7E09AE59A13}.Debug|Any CPU.ActiveCfg = Debug|Any CPU
		{233D40B0-A4B2-48D2-AC89-D7E09AE59A13}.Debug|Any CPU.Build.0 = Debug|Any CPU
		{233D40B0-A4B2-48D2-AC89-D7E09AE59A13}.Debug|x64.ActiveCfg = Debug|Any CPU
		{233D40B0-A4B2-48D2-AC89-D7E09AE59A13}.Debug|x64.Build.0 = Debug|Any CPU
		{233D40B0-A4B2-48D2-AC89-D7E09AE59A13}.Debug|x86.ActiveCfg = Debug|Any CPU
		{233D40B0-A4B2-48D2-AC89-D7E09AE59A13}.Debug|x86.Build.0 = Debug|Any CPU
		{233D40B0-A4B2-48D2-AC89-D7E09AE59A13}.Release|Any CPU.ActiveCfg = Release|Any CPU
		{233D40B0-A4B2-48D2-AC89-D7E09AE59A13}.Release|Any CPU.Build.0 = Release|Any CPU
		{233D40B0-A4B2-48D2-AC89-D7E09AE59A13}.Release|x64.ActiveCfg = Release|Any CPU
		{233D40B0-A4B2-48D2-AC89-D7E09AE59A13}.Release|x64.Build.0 = Release|Any CPU
		{233D40B0-A4B2-48D2-AC89-D7E09AE59A13}.Release|x86.ActiveCfg = Release|Any CPU
		{233D40B0-A4B2-48D2-AC89-D7E09AE59A13}.Release|x86.Build.0 = Release|Any CPU
		{92BC1C5F-C088-47B0-90AA-65A0941DEE78}.Debug|Any CPU.ActiveCfg = Debug|Any CPU
		{92BC1C5F-C088-47B0-90AA-65A0941DEE78}.Debug|Any CPU.Build.0 = Debug|Any CPU
		{92BC1C5F-C088-47B0-90AA-65A0941DEE78}.Debug|x64.ActiveCfg = Debug|Any CPU
		{92BC1C5F-C088-47B0-90AA-65A0941DEE78}.Debug|x64.Build.0 = Debug|Any CPU
		{92BC1C5F-C088-47B0-90AA-65A0941DEE78}.Debug|x86.ActiveCfg = Debug|Any CPU
		{92BC1C5F-C088-47B0-90AA-65A0941DEE78}.Debug|x86.Build.0 = Debug|Any CPU
		{92BC1C5F-C088-47B0-90AA-65A0941DEE78}.Release|Any CPU.ActiveCfg = Release|Any CPU
		{92BC1C5F-C088-47B0-90AA-65A0941DEE78}.Release|Any CPU.Build.0 = Release|Any CPU
		{92BC1C5F-C088-47B0-90AA-65A0941DEE78}.Release|x64.ActiveCfg = Release|Any CPU
		{92BC1C5F-C088-47B0-90AA-65A0941DEE78}.Release|x64.Build.0 = Release|Any CPU
		{92BC1C5F-C088-47B0-90AA-65A0941DEE78}.Release|x86.ActiveCfg = Release|Any CPU
		{92BC1C5F-C088-47B0-90AA-65A0941DEE78}.Release|x86.Build.0 = Release|Any CPU
		{0153FBA2-05E0-4562-AC4C-3377F36E366B}.Debug|Any CPU.ActiveCfg = Debug|Any CPU
		{0153FBA2-05E0-4562-AC4C-3377F36E366B}.Debug|Any CPU.Build.0 = Debug|Any CPU
		{0153FBA2-05E0-4562-AC4C-3377F36E366B}.Debug|x64.ActiveCfg = Debug|Any CPU
		{0153FBA2-05E0-4562-AC4C-3377F36E366B}.Debug|x64.Build.0 = Debug|Any CPU
		{0153FBA2-05E0-4562-AC4C-3377F36E366B}.Debug|x86.ActiveCfg = Debug|Any CPU
		{0153FBA2-05E0-4562-AC4C-3377F36E366B}.Debug|x86.Build.0 = Debug|Any CPU
		{0153FBA2-05E0-4562-AC4C-3377F36E366B}.Release|Any CPU.ActiveCfg = Release|Any CPU
		{0153FBA2-05E0-4562-AC4C-3377F36E366B}.Release|Any CPU.Build.0 = Release|Any CPU
		{0153FBA2-05E0-4562-AC4C-3377F36E366B}.Release|x64.ActiveCfg = Release|Any CPU
		{0153FBA2-05E0-4562-AC4C-3377F36E366B}.Release|x64.Build.0 = Release|Any CPU
		{0153FBA2-05E0-4562-AC4C-3377F36E366B}.Release|x86.ActiveCfg = Release|Any CPU
		{0153FBA2-05E0-4562-AC4C-3377F36E366B}.Release|x86.Build.0 = Release|Any CPU
		{B31B4C2A-6443-45DD-B275-033EF6905D34}.Debug|Any CPU.ActiveCfg = Debug|Any CPU
		{B31B4C2A-6443-45DD-B275-033EF6905D34}.Debug|Any CPU.Build.0 = Debug|Any CPU
		{B31B4C2A-6443-45DD-B275-033EF6905D34}.Debug|x64.ActiveCfg = Debug|Any CPU
		{B31B4C2A-6443-45DD-B275-033EF6905D34}.Debug|x64.Build.0 = Debug|Any CPU
		{B31B4C2A-6443-45DD-B275-033EF6905D34}.Debug|x86.ActiveCfg = Debug|Any CPU
		{B31B4C2A-6443-45DD-B275-033EF6905D34}.Debug|x86.Build.0 = Debug|Any CPU
		{B31B4C2A-6443-45DD-B275-033EF6905D34}.Release|Any CPU.ActiveCfg = Release|Any CPU
		{B31B4C2A-6443-45DD-B275-033EF6905D34}.Release|Any CPU.Build.0 = Release|Any CPU
		{B31B4C2A-6443-45DD-B275-033EF6905D34}.Release|x64.ActiveCfg = Release|Any CPU
		{B31B4C2A-6443-45DD-B275-033EF6905D34}.Release|x64.Build.0 = Release|Any CPU
		{B31B4C2A-6443-45DD-B275-033EF6905D34}.Release|x86.ActiveCfg = Release|Any CPU
		{B31B4C2A-6443-45DD-B275-033EF6905D34}.Release|x86.Build.0 = Release|Any CPU
		{48736EF1-A1C5-4515-BAEE-07E7E15F88ED}.Debug|Any CPU.ActiveCfg = Debug|Any CPU
		{48736EF1-A1C5-4515-BAEE-07E7E15F88ED}.Debug|Any CPU.Build.0 = Debug|Any CPU
		{48736EF1-A1C5-4515-BAEE-07E7E15F88ED}.Debug|x64.ActiveCfg = Debug|Any CPU
		{48736EF1-A1C5-4515-BAEE-07E7E15F88ED}.Debug|x64.Build.0 = Debug|Any CPU
		{48736EF1-A1C5-4515-BAEE-07E7E15F88ED}.Debug|x86.ActiveCfg = Debug|Any CPU
		{48736EF1-A1C5-4515-BAEE-07E7E15F88ED}.Debug|x86.Build.0 = Debug|Any CPU
		{48736EF1-A1C5-4515-BAEE-07E7E15F88ED}.Release|Any CPU.ActiveCfg = Release|Any CPU
		{48736EF1-A1C5-4515-BAEE-07E7E15F88ED}.Release|Any CPU.Build.0 = Release|Any CPU
		{48736EF1-A1C5-4515-BAEE-07E7E15F88ED}.Release|x64.ActiveCfg = Release|Any CPU
		{48736EF1-A1C5-4515-BAEE-07E7E15F88ED}.Release|x64.Build.0 = Release|Any CPU
		{48736EF1-A1C5-4515-BAEE-07E7E15F88ED}.Release|x86.ActiveCfg = Release|Any CPU
		{48736EF1-A1C5-4515-BAEE-07E7E15F88ED}.Release|x86.Build.0 = Release|Any CPU
		{754652D9-7BEA-4F75-9574-752392CFD1CF}.Debug|Any CPU.ActiveCfg = Debug|Any CPU
		{754652D9-7BEA-4F75-9574-752392CFD1CF}.Debug|Any CPU.Build.0 = Debug|Any CPU
		{754652D9-7BEA-4F75-9574-752392CFD1CF}.Debug|x64.ActiveCfg = Debug|Any CPU
		{754652D9-7BEA-4F75-9574-752392CFD1CF}.Debug|x64.Build.0 = Debug|Any CPU
		{754652D9-7BEA-4F75-9574-752392CFD1CF}.Debug|x86.ActiveCfg = Debug|Any CPU
		{754652D9-7BEA-4F75-9574-752392CFD1CF}.Debug|x86.Build.0 = Debug|Any CPU
		{754652D9-7BEA-4F75-9574-752392CFD1CF}.Release|Any CPU.ActiveCfg = Release|Any CPU
		{754652D9-7BEA-4F75-9574-752392CFD1CF}.Release|Any CPU.Build.0 = Release|Any CPU
		{754652D9-7BEA-4F75-9574-752392CFD1CF}.Release|x64.ActiveCfg = Release|Any CPU
		{754652D9-7BEA-4F75-9574-752392CFD1CF}.Release|x64.Build.0 = Release|Any CPU
		{754652D9-7BEA-4F75-9574-752392CFD1CF}.Release|x86.ActiveCfg = Release|Any CPU
		{754652D9-7BEA-4F75-9574-752392CFD1CF}.Release|x86.Build.0 = Release|Any CPU
		{BBE39A1A-2BAE-433B-9B41-30A094399D1A}.Debug|Any CPU.ActiveCfg = Debug|Any CPU
		{BBE39A1A-2BAE-433B-9B41-30A094399D1A}.Debug|Any CPU.Build.0 = Debug|Any CPU
		{BBE39A1A-2BAE-433B-9B41-30A094399D1A}.Debug|x64.ActiveCfg = Debug|Any CPU
		{BBE39A1A-2BAE-433B-9B41-30A094399D1A}.Debug|x64.Build.0 = Debug|Any CPU
		{BBE39A1A-2BAE-433B-9B41-30A094399D1A}.Debug|x86.ActiveCfg = Debug|Any CPU
		{BBE39A1A-2BAE-433B-9B41-30A094399D1A}.Debug|x86.Build.0 = Debug|Any CPU
		{BBE39A1A-2BAE-433B-9B41-30A094399D1A}.Release|Any CPU.ActiveCfg = Release|Any CPU
		{BBE39A1A-2BAE-433B-9B41-30A094399D1A}.Release|Any CPU.Build.0 = Release|Any CPU
		{BBE39A1A-2BAE-433B-9B41-30A094399D1A}.Release|x64.ActiveCfg = Release|Any CPU
		{BBE39A1A-2BAE-433B-9B41-30A094399D1A}.Release|x64.Build.0 = Release|Any CPU
		{BBE39A1A-2BAE-433B-9B41-30A094399D1A}.Release|x86.ActiveCfg = Release|Any CPU
		{BBE39A1A-2BAE-433B-9B41-30A094399D1A}.Release|x86.Build.0 = Release|Any CPU
		{76F2C170-C5B4-4D94-8167-4AED164E0CC7}.Debug|Any CPU.ActiveCfg = Debug|Any CPU
		{76F2C170-C5B4-4D94-8167-4AED164E0CC7}.Debug|Any CPU.Build.0 = Debug|Any CPU
		{76F2C170-C5B4-4D94-8167-4AED164E0CC7}.Debug|x64.ActiveCfg = Debug|Any CPU
		{76F2C170-C5B4-4D94-8167-4AED164E0CC7}.Debug|x64.Build.0 = Debug|Any CPU
		{76F2C170-C5B4-4D94-8167-4AED164E0CC7}.Debug|x86.ActiveCfg = Debug|Any CPU
		{76F2C170-C5B4-4D94-8167-4AED164E0CC7}.Debug|x86.Build.0 = Debug|Any CPU
		{76F2C170-C5B4-4D94-8167-4AED164E0CC7}.Release|Any CPU.ActiveCfg = Release|Any CPU
		{76F2C170-C5B4-4D94-8167-4AED164E0CC7}.Release|Any CPU.Build.0 = Release|Any CPU
		{76F2C170-C5B4-4D94-8167-4AED164E0CC7}.Release|x64.ActiveCfg = Release|Any CPU
		{76F2C170-C5B4-4D94-8167-4AED164E0CC7}.Release|x64.Build.0 = Release|Any CPU
		{76F2C170-C5B4-4D94-8167-4AED164E0CC7}.Release|x86.ActiveCfg = Release|Any CPU
		{76F2C170-C5B4-4D94-8167-4AED164E0CC7}.Release|x86.Build.0 = Release|Any CPU
		{C564AEF4-36C1-4675-8035-2E59B9F3428C}.Debug|Any CPU.ActiveCfg = Debug|Any CPU
		{C564AEF4-36C1-4675-8035-2E59B9F3428C}.Debug|Any CPU.Build.0 = Debug|Any CPU
		{C564AEF4-36C1-4675-8035-2E59B9F3428C}.Debug|x64.ActiveCfg = Debug|Any CPU
		{C564AEF4-36C1-4675-8035-2E59B9F3428C}.Debug|x64.Build.0 = Debug|Any CPU
		{C564AEF4-36C1-4675-8035-2E59B9F3428C}.Debug|x86.ActiveCfg = Debug|Any CPU
		{C564AEF4-36C1-4675-8035-2E59B9F3428C}.Debug|x86.Build.0 = Debug|Any CPU
		{C564AEF4-36C1-4675-8035-2E59B9F3428C}.Release|Any CPU.ActiveCfg = Release|Any CPU
		{C564AEF4-36C1-4675-8035-2E59B9F3428C}.Release|Any CPU.Build.0 = Release|Any CPU
		{C564AEF4-36C1-4675-8035-2E59B9F3428C}.Release|x64.ActiveCfg = Release|Any CPU
		{C564AEF4-36C1-4675-8035-2E59B9F3428C}.Release|x64.Build.0 = Release|Any CPU
		{C564AEF4-36C1-4675-8035-2E59B9F3428C}.Release|x86.ActiveCfg = Release|Any CPU
		{C564AEF4-36C1-4675-8035-2E59B9F3428C}.Release|x86.Build.0 = Release|Any CPU
		{585BA974-BE3A-4B61-B493-61029AA57167}.Debug|Any CPU.ActiveCfg = Debug|Any CPU
		{585BA974-BE3A-4B61-B493-61029AA57167}.Debug|Any CPU.Build.0 = Debug|Any CPU
		{585BA974-BE3A-4B61-B493-61029AA57167}.Debug|x64.ActiveCfg = Debug|Any CPU
		{585BA974-BE3A-4B61-B493-61029AA57167}.Debug|x64.Build.0 = Debug|Any CPU
		{585BA974-BE3A-4B61-B493-61029AA57167}.Debug|x86.ActiveCfg = Debug|Any CPU
		{585BA974-BE3A-4B61-B493-61029AA57167}.Debug|x86.Build.0 = Debug|Any CPU
		{585BA974-BE3A-4B61-B493-61029AA57167}.Release|Any CPU.ActiveCfg = Release|Any CPU
		{585BA974-BE3A-4B61-B493-61029AA57167}.Release|Any CPU.Build.0 = Release|Any CPU
		{585BA974-BE3A-4B61-B493-61029AA57167}.Release|x64.ActiveCfg = Release|Any CPU
		{585BA974-BE3A-4B61-B493-61029AA57167}.Release|x64.Build.0 = Release|Any CPU
		{585BA974-BE3A-4B61-B493-61029AA57167}.Release|x86.ActiveCfg = Release|Any CPU
		{585BA974-BE3A-4B61-B493-61029AA57167}.Release|x86.Build.0 = Release|Any CPU
		{0ADB9930-F9B0-42D8-933A-E28EE694474A}.Debug|Any CPU.ActiveCfg = Debug|Any CPU
		{0ADB9930-F9B0-42D8-933A-E28EE694474A}.Debug|Any CPU.Build.0 = Debug|Any CPU
		{0ADB9930-F9B0-42D8-933A-E28EE694474A}.Debug|x64.ActiveCfg = Debug|Any CPU
		{0ADB9930-F9B0-42D8-933A-E28EE694474A}.Debug|x64.Build.0 = Debug|Any CPU
		{0ADB9930-F9B0-42D8-933A-E28EE694474A}.Debug|x86.ActiveCfg = Debug|Any CPU
		{0ADB9930-F9B0-42D8-933A-E28EE694474A}.Debug|x86.Build.0 = Debug|Any CPU
		{0ADB9930-F9B0-42D8-933A-E28EE694474A}.Release|Any CPU.ActiveCfg = Release|Any CPU
		{0ADB9930-F9B0-42D8-933A-E28EE694474A}.Release|Any CPU.Build.0 = Release|Any CPU
		{0ADB9930-F9B0-42D8-933A-E28EE694474A}.Release|x64.ActiveCfg = Release|Any CPU
		{0ADB9930-F9B0-42D8-933A-E28EE694474A}.Release|x64.Build.0 = Release|Any CPU
		{0ADB9930-F9B0-42D8-933A-E28EE694474A}.Release|x86.ActiveCfg = Release|Any CPU
		{0ADB9930-F9B0-42D8-933A-E28EE694474A}.Release|x86.Build.0 = Release|Any CPU
		{8F321FE0-3114-4A91-A454-BD6577DB68C9}.Debug|Any CPU.ActiveCfg = Debug|Any CPU
		{8F321FE0-3114-4A91-A454-BD6577DB68C9}.Debug|Any CPU.Build.0 = Debug|Any CPU
		{8F321FE0-3114-4A91-A454-BD6577DB68C9}.Debug|x64.ActiveCfg = Debug|Any CPU
		{8F321FE0-3114-4A91-A454-BD6577DB68C9}.Debug|x64.Build.0 = Debug|Any CPU
		{8F321FE0-3114-4A91-A454-BD6577DB68C9}.Debug|x86.ActiveCfg = Debug|Any CPU
		{8F321FE0-3114-4A91-A454-BD6577DB68C9}.Debug|x86.Build.0 = Debug|Any CPU
		{8F321FE0-3114-4A91-A454-BD6577DB68C9}.Release|Any CPU.ActiveCfg = Release|Any CPU
		{8F321FE0-3114-4A91-A454-BD6577DB68C9}.Release|Any CPU.Build.0 = Release|Any CPU
		{8F321FE0-3114-4A91-A454-BD6577DB68C9}.Release|x64.ActiveCfg = Release|Any CPU
		{8F321FE0-3114-4A91-A454-BD6577DB68C9}.Release|x64.Build.0 = Release|Any CPU
		{8F321FE0-3114-4A91-A454-BD6577DB68C9}.Release|x86.ActiveCfg = Release|Any CPU
		{8F321FE0-3114-4A91-A454-BD6577DB68C9}.Release|x86.Build.0 = Release|Any CPU
		{E6168C2B-44A6-45AD-B7EA-C9E1F90D01C9}.Debug|Any CPU.ActiveCfg = Debug|Any CPU
		{E6168C2B-44A6-45AD-B7EA-C9E1F90D01C9}.Debug|Any CPU.Build.0 = Debug|Any CPU
		{E6168C2B-44A6-45AD-B7EA-C9E1F90D01C9}.Debug|x64.ActiveCfg = Debug|Any CPU
		{E6168C2B-44A6-45AD-B7EA-C9E1F90D01C9}.Debug|x64.Build.0 = Debug|Any CPU
		{E6168C2B-44A6-45AD-B7EA-C9E1F90D01C9}.Debug|x86.ActiveCfg = Debug|Any CPU
		{E6168C2B-44A6-45AD-B7EA-C9E1F90D01C9}.Debug|x86.Build.0 = Debug|Any CPU
		{E6168C2B-44A6-45AD-B7EA-C9E1F90D01C9}.Release|Any CPU.ActiveCfg = Release|Any CPU
		{E6168C2B-44A6-45AD-B7EA-C9E1F90D01C9}.Release|Any CPU.Build.0 = Release|Any CPU
		{E6168C2B-44A6-45AD-B7EA-C9E1F90D01C9}.Release|x64.ActiveCfg = Release|Any CPU
		{E6168C2B-44A6-45AD-B7EA-C9E1F90D01C9}.Release|x64.Build.0 = Release|Any CPU
		{E6168C2B-44A6-45AD-B7EA-C9E1F90D01C9}.Release|x86.ActiveCfg = Release|Any CPU
		{E6168C2B-44A6-45AD-B7EA-C9E1F90D01C9}.Release|x86.Build.0 = Release|Any CPU
		{37A612C9-E0B4-4594-AEA7-F8F7F0E9B6F6}.Debug|Any CPU.ActiveCfg = Debug|Any CPU
		{37A612C9-E0B4-4594-AEA7-F8F7F0E9B6F6}.Debug|Any CPU.Build.0 = Debug|Any CPU
		{37A612C9-E0B4-4594-AEA7-F8F7F0E9B6F6}.Debug|x64.ActiveCfg = Debug|Any CPU
		{37A612C9-E0B4-4594-AEA7-F8F7F0E9B6F6}.Debug|x64.Build.0 = Debug|Any CPU
		{37A612C9-E0B4-4594-AEA7-F8F7F0E9B6F6}.Debug|x86.ActiveCfg = Debug|Any CPU
		{37A612C9-E0B4-4594-AEA7-F8F7F0E9B6F6}.Debug|x86.Build.0 = Debug|Any CPU
		{37A612C9-E0B4-4594-AEA7-F8F7F0E9B6F6}.Release|Any CPU.ActiveCfg = Release|Any CPU
		{37A612C9-E0B4-4594-AEA7-F8F7F0E9B6F6}.Release|Any CPU.Build.0 = Release|Any CPU
		{37A612C9-E0B4-4594-AEA7-F8F7F0E9B6F6}.Release|x64.ActiveCfg = Release|Any CPU
		{37A612C9-E0B4-4594-AEA7-F8F7F0E9B6F6}.Release|x64.Build.0 = Release|Any CPU
		{37A612C9-E0B4-4594-AEA7-F8F7F0E9B6F6}.Release|x86.ActiveCfg = Release|Any CPU
		{37A612C9-E0B4-4594-AEA7-F8F7F0E9B6F6}.Release|x86.Build.0 = Release|Any CPU
		{20D0299F-8BEB-4330-8AE2-091A7E0E56D6}.Debug|Any CPU.ActiveCfg = Debug|Any CPU
		{20D0299F-8BEB-4330-8AE2-091A7E0E56D6}.Debug|Any CPU.Build.0 = Debug|Any CPU
		{20D0299F-8BEB-4330-8AE2-091A7E0E56D6}.Debug|x64.ActiveCfg = Debug|Any CPU
		{20D0299F-8BEB-4330-8AE2-091A7E0E56D6}.Debug|x64.Build.0 = Debug|Any CPU
		{20D0299F-8BEB-4330-8AE2-091A7E0E56D6}.Debug|x86.ActiveCfg = Debug|Any CPU
		{20D0299F-8BEB-4330-8AE2-091A7E0E56D6}.Debug|x86.Build.0 = Debug|Any CPU
		{20D0299F-8BEB-4330-8AE2-091A7E0E56D6}.Release|Any CPU.ActiveCfg = Release|Any CPU
		{20D0299F-8BEB-4330-8AE2-091A7E0E56D6}.Release|Any CPU.Build.0 = Release|Any CPU
		{20D0299F-8BEB-4330-8AE2-091A7E0E56D6}.Release|x64.ActiveCfg = Release|Any CPU
		{20D0299F-8BEB-4330-8AE2-091A7E0E56D6}.Release|x64.Build.0 = Release|Any CPU
		{20D0299F-8BEB-4330-8AE2-091A7E0E56D6}.Release|x86.ActiveCfg = Release|Any CPU
		{20D0299F-8BEB-4330-8AE2-091A7E0E56D6}.Release|x86.Build.0 = Release|Any CPU
		{C4C34386-72BC-4D3F-9CC8-F83BBC707E0B}.Debug|Any CPU.ActiveCfg = Debug|Any CPU
		{C4C34386-72BC-4D3F-9CC8-F83BBC707E0B}.Debug|Any CPU.Build.0 = Debug|Any CPU
		{C4C34386-72BC-4D3F-9CC8-F83BBC707E0B}.Debug|x64.ActiveCfg = Debug|Any CPU
		{C4C34386-72BC-4D3F-9CC8-F83BBC707E0B}.Debug|x64.Build.0 = Debug|Any CPU
		{C4C34386-72BC-4D3F-9CC8-F83BBC707E0B}.Debug|x86.ActiveCfg = Debug|Any CPU
		{C4C34386-72BC-4D3F-9CC8-F83BBC707E0B}.Debug|x86.Build.0 = Debug|Any CPU
		{C4C34386-72BC-4D3F-9CC8-F83BBC707E0B}.Release|Any CPU.ActiveCfg = Release|Any CPU
		{C4C34386-72BC-4D3F-9CC8-F83BBC707E0B}.Release|Any CPU.Build.0 = Release|Any CPU
		{C4C34386-72BC-4D3F-9CC8-F83BBC707E0B}.Release|x64.ActiveCfg = Release|Any CPU
		{C4C34386-72BC-4D3F-9CC8-F83BBC707E0B}.Release|x64.Build.0 = Release|Any CPU
		{C4C34386-72BC-4D3F-9CC8-F83BBC707E0B}.Release|x86.ActiveCfg = Release|Any CPU
		{C4C34386-72BC-4D3F-9CC8-F83BBC707E0B}.Release|x86.Build.0 = Release|Any CPU
		{0360BC8D-5303-42EF-980C-A387C72AAB28}.Debug|Any CPU.ActiveCfg = Debug|Any CPU
		{0360BC8D-5303-42EF-980C-A387C72AAB28}.Debug|Any CPU.Build.0 = Debug|Any CPU
		{0360BC8D-5303-42EF-980C-A387C72AAB28}.Debug|x64.ActiveCfg = Debug|Any CPU
		{0360BC8D-5303-42EF-980C-A387C72AAB28}.Debug|x64.Build.0 = Debug|Any CPU
		{0360BC8D-5303-42EF-980C-A387C72AAB28}.Debug|x86.ActiveCfg = Debug|Any CPU
		{0360BC8D-5303-42EF-980C-A387C72AAB28}.Debug|x86.Build.0 = Debug|Any CPU
		{0360BC8D-5303-42EF-980C-A387C72AAB28}.Release|Any CPU.ActiveCfg = Release|Any CPU
		{0360BC8D-5303-42EF-980C-A387C72AAB28}.Release|Any CPU.Build.0 = Release|Any CPU
		{0360BC8D-5303-42EF-980C-A387C72AAB28}.Release|x64.ActiveCfg = Release|Any CPU
		{0360BC8D-5303-42EF-980C-A387C72AAB28}.Release|x64.Build.0 = Release|Any CPU
		{0360BC8D-5303-42EF-980C-A387C72AAB28}.Release|x86.ActiveCfg = Release|Any CPU
		{0360BC8D-5303-42EF-980C-A387C72AAB28}.Release|x86.Build.0 = Release|Any CPU
		{4F51B552-93DD-4D64-A97C-BCDC1B42D4DA}.Debug|Any CPU.ActiveCfg = Debug|Any CPU
		{4F51B552-93DD-4D64-A97C-BCDC1B42D4DA}.Debug|Any CPU.Build.0 = Debug|Any CPU
		{4F51B552-93DD-4D64-A97C-BCDC1B42D4DA}.Debug|x64.ActiveCfg = Debug|Any CPU
		{4F51B552-93DD-4D64-A97C-BCDC1B42D4DA}.Debug|x64.Build.0 = Debug|Any CPU
		{4F51B552-93DD-4D64-A97C-BCDC1B42D4DA}.Debug|x86.ActiveCfg = Debug|Any CPU
		{4F51B552-93DD-4D64-A97C-BCDC1B42D4DA}.Debug|x86.Build.0 = Debug|Any CPU
		{4F51B552-93DD-4D64-A97C-BCDC1B42D4DA}.Release|Any CPU.ActiveCfg = Release|Any CPU
		{4F51B552-93DD-4D64-A97C-BCDC1B42D4DA}.Release|Any CPU.Build.0 = Release|Any CPU
		{4F51B552-93DD-4D64-A97C-BCDC1B42D4DA}.Release|x64.ActiveCfg = Release|Any CPU
		{4F51B552-93DD-4D64-A97C-BCDC1B42D4DA}.Release|x64.Build.0 = Release|Any CPU
		{4F51B552-93DD-4D64-A97C-BCDC1B42D4DA}.Release|x86.ActiveCfg = Release|Any CPU
		{4F51B552-93DD-4D64-A97C-BCDC1B42D4DA}.Release|x86.Build.0 = Release|Any CPU
		{378BE88D-ED57-4B50-88F5-299F696C5374}.Debug|Any CPU.ActiveCfg = Debug|Any CPU
		{378BE88D-ED57-4B50-88F5-299F696C5374}.Debug|Any CPU.Build.0 = Debug|Any CPU
		{378BE88D-ED57-4B50-88F5-299F696C5374}.Debug|x64.ActiveCfg = Debug|Any CPU
		{378BE88D-ED57-4B50-88F5-299F696C5374}.Debug|x64.Build.0 = Debug|Any CPU
		{378BE88D-ED57-4B50-88F5-299F696C5374}.Debug|x86.ActiveCfg = Debug|Any CPU
		{378BE88D-ED57-4B50-88F5-299F696C5374}.Debug|x86.Build.0 = Debug|Any CPU
		{378BE88D-ED57-4B50-88F5-299F696C5374}.Release|Any CPU.ActiveCfg = Release|Any CPU
		{378BE88D-ED57-4B50-88F5-299F696C5374}.Release|Any CPU.Build.0 = Release|Any CPU
		{378BE88D-ED57-4B50-88F5-299F696C5374}.Release|x64.ActiveCfg = Release|Any CPU
		{378BE88D-ED57-4B50-88F5-299F696C5374}.Release|x64.Build.0 = Release|Any CPU
		{378BE88D-ED57-4B50-88F5-299F696C5374}.Release|x86.ActiveCfg = Release|Any CPU
		{378BE88D-ED57-4B50-88F5-299F696C5374}.Release|x86.Build.0 = Release|Any CPU
		{266F735B-16A5-46F0-8E30-671C63EDC59B}.Debug|Any CPU.ActiveCfg = Debug|Any CPU
		{266F735B-16A5-46F0-8E30-671C63EDC59B}.Debug|Any CPU.Build.0 = Debug|Any CPU
		{266F735B-16A5-46F0-8E30-671C63EDC59B}.Debug|x64.ActiveCfg = Debug|Any CPU
		{266F735B-16A5-46F0-8E30-671C63EDC59B}.Debug|x64.Build.0 = Debug|Any CPU
		{266F735B-16A5-46F0-8E30-671C63EDC59B}.Debug|x86.ActiveCfg = Debug|Any CPU
		{266F735B-16A5-46F0-8E30-671C63EDC59B}.Debug|x86.Build.0 = Debug|Any CPU
		{266F735B-16A5-46F0-8E30-671C63EDC59B}.Release|Any CPU.ActiveCfg = Release|Any CPU
		{266F735B-16A5-46F0-8E30-671C63EDC59B}.Release|Any CPU.Build.0 = Release|Any CPU
		{266F735B-16A5-46F0-8E30-671C63EDC59B}.Release|x64.ActiveCfg = Release|Any CPU
		{266F735B-16A5-46F0-8E30-671C63EDC59B}.Release|x64.Build.0 = Release|Any CPU
		{266F735B-16A5-46F0-8E30-671C63EDC59B}.Release|x86.ActiveCfg = Release|Any CPU
		{266F735B-16A5-46F0-8E30-671C63EDC59B}.Release|x86.Build.0 = Release|Any CPU
		{2AE516D0-37D4-4E1C-A5B7-D1CA5FA63C26}.Debug|Any CPU.ActiveCfg = Debug|Any CPU
		{2AE516D0-37D4-4E1C-A5B7-D1CA5FA63C26}.Debug|Any CPU.Build.0 = Debug|Any CPU
		{2AE516D0-37D4-4E1C-A5B7-D1CA5FA63C26}.Debug|x64.ActiveCfg = Debug|Any CPU
		{2AE516D0-37D4-4E1C-A5B7-D1CA5FA63C26}.Debug|x64.Build.0 = Debug|Any CPU
		{2AE516D0-37D4-4E1C-A5B7-D1CA5FA63C26}.Debug|x86.ActiveCfg = Debug|Any CPU
		{2AE516D0-37D4-4E1C-A5B7-D1CA5FA63C26}.Debug|x86.Build.0 = Debug|Any CPU
		{2AE516D0-37D4-4E1C-A5B7-D1CA5FA63C26}.Release|Any CPU.ActiveCfg = Release|Any CPU
		{2AE516D0-37D4-4E1C-A5B7-D1CA5FA63C26}.Release|Any CPU.Build.0 = Release|Any CPU
		{2AE516D0-37D4-4E1C-A5B7-D1CA5FA63C26}.Release|x64.ActiveCfg = Release|Any CPU
		{2AE516D0-37D4-4E1C-A5B7-D1CA5FA63C26}.Release|x64.Build.0 = Release|Any CPU
		{2AE516D0-37D4-4E1C-A5B7-D1CA5FA63C26}.Release|x86.ActiveCfg = Release|Any CPU
		{2AE516D0-37D4-4E1C-A5B7-D1CA5FA63C26}.Release|x86.Build.0 = Release|Any CPU
		{1AC1B2AD-24DA-4FE6-9446-5DE351C417BB}.Debug|Any CPU.ActiveCfg = Debug|Any CPU
		{1AC1B2AD-24DA-4FE6-9446-5DE351C417BB}.Debug|Any CPU.Build.0 = Debug|Any CPU
		{1AC1B2AD-24DA-4FE6-9446-5DE351C417BB}.Debug|x64.ActiveCfg = Debug|Any CPU
		{1AC1B2AD-24DA-4FE6-9446-5DE351C417BB}.Debug|x64.Build.0 = Debug|Any CPU
		{1AC1B2AD-24DA-4FE6-9446-5DE351C417BB}.Debug|x86.ActiveCfg = Debug|Any CPU
		{1AC1B2AD-24DA-4FE6-9446-5DE351C417BB}.Debug|x86.Build.0 = Debug|Any CPU
		{1AC1B2AD-24DA-4FE6-9446-5DE351C417BB}.Release|Any CPU.ActiveCfg = Release|Any CPU
		{1AC1B2AD-24DA-4FE6-9446-5DE351C417BB}.Release|Any CPU.Build.0 = Release|Any CPU
		{1AC1B2AD-24DA-4FE6-9446-5DE351C417BB}.Release|x64.ActiveCfg = Release|Any CPU
		{1AC1B2AD-24DA-4FE6-9446-5DE351C417BB}.Release|x64.Build.0 = Release|Any CPU
		{1AC1B2AD-24DA-4FE6-9446-5DE351C417BB}.Release|x86.ActiveCfg = Release|Any CPU
		{1AC1B2AD-24DA-4FE6-9446-5DE351C417BB}.Release|x86.Build.0 = Release|Any CPU
		{CB2F09EA-75E7-4D40-9C58-275458D9D2A5}.Debug|Any CPU.ActiveCfg = Debug|Any CPU
		{CB2F09EA-75E7-4D40-9C58-275458D9D2A5}.Debug|Any CPU.Build.0 = Debug|Any CPU
		{CB2F09EA-75E7-4D40-9C58-275458D9D2A5}.Debug|x64.ActiveCfg = Debug|x64
		{CB2F09EA-75E7-4D40-9C58-275458D9D2A5}.Debug|x64.Build.0 = Debug|x64
		{CB2F09EA-75E7-4D40-9C58-275458D9D2A5}.Debug|x86.ActiveCfg = Debug|x86
		{CB2F09EA-75E7-4D40-9C58-275458D9D2A5}.Debug|x86.Build.0 = Debug|x86
		{CB2F09EA-75E7-4D40-9C58-275458D9D2A5}.Release|Any CPU.ActiveCfg = Release|Any CPU
		{CB2F09EA-75E7-4D40-9C58-275458D9D2A5}.Release|Any CPU.Build.0 = Release|Any CPU
		{CB2F09EA-75E7-4D40-9C58-275458D9D2A5}.Release|x64.ActiveCfg = Release|x64
		{CB2F09EA-75E7-4D40-9C58-275458D9D2A5}.Release|x64.Build.0 = Release|x64
		{CB2F09EA-75E7-4D40-9C58-275458D9D2A5}.Release|x86.ActiveCfg = Release|x86
		{CB2F09EA-75E7-4D40-9C58-275458D9D2A5}.Release|x86.Build.0 = Release|x86
		{6D2A9BD2-BB20-4970-98D3-BD62C0F145F1}.Debug|Any CPU.ActiveCfg = Debug|Any CPU
		{6D2A9BD2-BB20-4970-98D3-BD62C0F145F1}.Debug|Any CPU.Build.0 = Debug|Any CPU
		{6D2A9BD2-BB20-4970-98D3-BD62C0F145F1}.Debug|x64.ActiveCfg = Debug|Any CPU
		{6D2A9BD2-BB20-4970-98D3-BD62C0F145F1}.Debug|x64.Build.0 = Debug|Any CPU
		{6D2A9BD2-BB20-4970-98D3-BD62C0F145F1}.Debug|x86.ActiveCfg = Debug|Any CPU
		{6D2A9BD2-BB20-4970-98D3-BD62C0F145F1}.Debug|x86.Build.0 = Debug|Any CPU
		{6D2A9BD2-BB20-4970-98D3-BD62C0F145F1}.Release|Any CPU.ActiveCfg = Release|Any CPU
		{6D2A9BD2-BB20-4970-98D3-BD62C0F145F1}.Release|Any CPU.Build.0 = Release|Any CPU
		{6D2A9BD2-BB20-4970-98D3-BD62C0F145F1}.Release|x64.ActiveCfg = Release|Any CPU
		{6D2A9BD2-BB20-4970-98D3-BD62C0F145F1}.Release|x64.Build.0 = Release|Any CPU
		{6D2A9BD2-BB20-4970-98D3-BD62C0F145F1}.Release|x86.ActiveCfg = Release|Any CPU
		{6D2A9BD2-BB20-4970-98D3-BD62C0F145F1}.Release|x86.Build.0 = Release|Any CPU
		{5B1BE791-0EE5-4B5A-8139-B91E1EF5D235}.Debug|Any CPU.ActiveCfg = Debug|Any CPU
		{5B1BE791-0EE5-4B5A-8139-B91E1EF5D235}.Debug|Any CPU.Build.0 = Debug|Any CPU
		{5B1BE791-0EE5-4B5A-8139-B91E1EF5D235}.Debug|x64.ActiveCfg = Debug|Any CPU
		{5B1BE791-0EE5-4B5A-8139-B91E1EF5D235}.Debug|x64.Build.0 = Debug|Any CPU
		{5B1BE791-0EE5-4B5A-8139-B91E1EF5D235}.Debug|x86.ActiveCfg = Debug|Any CPU
		{5B1BE791-0EE5-4B5A-8139-B91E1EF5D235}.Debug|x86.Build.0 = Debug|Any CPU
		{5B1BE791-0EE5-4B5A-8139-B91E1EF5D235}.Release|Any CPU.ActiveCfg = Release|Any CPU
		{5B1BE791-0EE5-4B5A-8139-B91E1EF5D235}.Release|Any CPU.Build.0 = Release|Any CPU
		{5B1BE791-0EE5-4B5A-8139-B91E1EF5D235}.Release|x64.ActiveCfg = Release|Any CPU
		{5B1BE791-0EE5-4B5A-8139-B91E1EF5D235}.Release|x64.Build.0 = Release|Any CPU
		{5B1BE791-0EE5-4B5A-8139-B91E1EF5D235}.Release|x86.ActiveCfg = Release|Any CPU
		{5B1BE791-0EE5-4B5A-8139-B91E1EF5D235}.Release|x86.Build.0 = Release|Any CPU
		{8C7A769A-4459-440B-8AC4-DF2293D4234F}.Debug|Any CPU.ActiveCfg = Debug|Any CPU
		{8C7A769A-4459-440B-8AC4-DF2293D4234F}.Debug|Any CPU.Build.0 = Debug|Any CPU
		{8C7A769A-4459-440B-8AC4-DF2293D4234F}.Debug|x64.ActiveCfg = Debug|Any CPU
		{8C7A769A-4459-440B-8AC4-DF2293D4234F}.Debug|x64.Build.0 = Debug|Any CPU
		{8C7A769A-4459-440B-8AC4-DF2293D4234F}.Debug|x86.ActiveCfg = Debug|Any CPU
		{8C7A769A-4459-440B-8AC4-DF2293D4234F}.Debug|x86.Build.0 = Debug|Any CPU
		{8C7A769A-4459-440B-8AC4-DF2293D4234F}.Release|Any CPU.ActiveCfg = Release|Any CPU
		{8C7A769A-4459-440B-8AC4-DF2293D4234F}.Release|Any CPU.Build.0 = Release|Any CPU
		{8C7A769A-4459-440B-8AC4-DF2293D4234F}.Release|x64.ActiveCfg = Release|Any CPU
		{8C7A769A-4459-440B-8AC4-DF2293D4234F}.Release|x64.Build.0 = Release|Any CPU
		{8C7A769A-4459-440B-8AC4-DF2293D4234F}.Release|x86.ActiveCfg = Release|Any CPU
		{8C7A769A-4459-440B-8AC4-DF2293D4234F}.Release|x86.Build.0 = Release|Any CPU
	EndGlobalSection
	GlobalSection(SolutionProperties) = preSolution
		HideSolutionNode = FALSE
	EndGlobalSection
	GlobalSection(NestedProjects) = preSolution
		{B3C15481-0CD6-4ED7-8545-BE9256FBEEDD} = {2B28C66C-A5AC-4A95-B866-0531E3B1684E}
		{A8E49545-0E83-44BF-ADB4-A38B4E4D2CDA} = {87AA3403-E589-410F-B38C-072B5E7615F8}
		{6C08E468-0F19-4348-B35F-3F3EFA48D102} = {87AA3403-E589-410F-B38C-072B5E7615F8}
		{0A11D614-B85C-41D6-8F58-38D476076A82} = {F430E8DA-2497-4C86-A72B-9CF0E0045ABD}
		{233D40B0-A4B2-48D2-AC89-D7E09AE59A13} = {F430E8DA-2497-4C86-A72B-9CF0E0045ABD}
		{92BC1C5F-C088-47B0-90AA-65A0941DEE78} = {21CF1BAE-B487-4E30-8C0B-EE7BF443F6F7}
		{0153FBA2-05E0-4562-AC4C-3377F36E366B} = {21CF1BAE-B487-4E30-8C0B-EE7BF443F6F7}
		{B31B4C2A-6443-45DD-B275-033EF6905D34} = {5DAFD793-5F10-4511-9B42-6AD2C69D7837}
		{48736EF1-A1C5-4515-BAEE-07E7E15F88ED} = {A2321FFA-21FE-4AB8-8083-35E0D11CCFE2}
		{754652D9-7BEA-4F75-9574-752392CFD1CF} = {A2321FFA-21FE-4AB8-8083-35E0D11CCFE2}
		{BBE39A1A-2BAE-433B-9B41-30A094399D1A} = {1FD05BB8-E15D-4990-86F4-F2B581740804}
		{76F2C170-C5B4-4D94-8167-4AED164E0CC7} = {1FD05BB8-E15D-4990-86F4-F2B581740804}
		{C564AEF4-36C1-4675-8035-2E59B9F3428C} = {41B641D4-EADB-4060-AC72-F98BC9AC03DB}
		{585BA974-BE3A-4B61-B493-61029AA57167} = {79888EE6-F5AE-4934-A994-ED05A6784BA0}
		{0ADB9930-F9B0-42D8-933A-E28EE694474A} = {0EEBAFE7-287B-4358-8FCE-02C4E09ADF1F}
		{8F321FE0-3114-4A91-A454-BD6577DB68C9} = {0EEBAFE7-287B-4358-8FCE-02C4E09ADF1F}
		{E6168C2B-44A6-45AD-B7EA-C9E1F90D01C9} = {0EEBAFE7-287B-4358-8FCE-02C4E09ADF1F}
		{37A612C9-E0B4-4594-AEA7-F8F7F0E9B6F6} = {920E135A-5B43-48D6-B73E-9C85FFFE1833}
		{20D0299F-8BEB-4330-8AE2-091A7E0E56D6} = {0EEBAFE7-287B-4358-8FCE-02C4E09ADF1F}
		{C4C34386-72BC-4D3F-9CC8-F83BBC707E0B} = {0EEBAFE7-287B-4358-8FCE-02C4E09ADF1F}
		{0360BC8D-5303-42EF-980C-A387C72AAB28} = {0EEBAFE7-287B-4358-8FCE-02C4E09ADF1F}
		{4F51B552-93DD-4D64-A97C-BCDC1B42D4DA} = {0EEBAFE7-287B-4358-8FCE-02C4E09ADF1F}
		{378BE88D-ED57-4B50-88F5-299F696C5374} = {0EEBAFE7-287B-4358-8FCE-02C4E09ADF1F}
		{266F735B-16A5-46F0-8E30-671C63EDC59B} = {0EEBAFE7-287B-4358-8FCE-02C4E09ADF1F}
		{2AE516D0-37D4-4E1C-A5B7-D1CA5FA63C26} = {0EEBAFE7-287B-4358-8FCE-02C4E09ADF1F}
		{1AC1B2AD-24DA-4FE6-9446-5DE351C417BB} = {DEA6A564-6E0F-4781-BC7A-A26AE09804B4}
		{CB2F09EA-75E7-4D40-9C58-275458D9D2A5} = {92990BFA-6BFF-4F43-9662-0048A35438DA}
		{6D2A9BD2-BB20-4970-98D3-BD62C0F145F1} = {E485F199-F5D8-419E-A972-124199062B56}
		{5B1BE791-0EE5-4B5A-8139-B91E1EF5D235} = {D8AC83AB-B580-43B2-A12A-FC2B97BCECF2}
		{8C7A769A-4459-440B-8AC4-DF2293D4234F} = {0EEBAFE7-287B-4358-8FCE-02C4E09ADF1F}
	EndGlobalSection
	GlobalSection(ExtensibilityGlobals) = postSolution
		SolutionGuid = {6678A51C-E2DF-4911-8DC7-0F6C69A51292}
	EndGlobalSection
EndGlobal
