
Microsoft Visual Studio Solution File, Format Version 12.00
# Visual Studio Version 17
VisualStudioVersion = 17.2.32630.192
MinimumVisualStudioVersion = 10.0.40219.1
Project("{FAE04EC0-301F-11D3-BF4B-00C04F79EFBC}") = "1.8", "chapter1\1.8\1.8.csproj", "{B3C15481-0CD6-4ED7-8545-BE9256FBEEDD}"
EndProject
Project("{9A19103F-16F7-4668-BE54-9A1E7A4F7556}") = "2.2", "chapter2\2.2\2.2.csproj", "{A8E49545-0E83-44BF-ADB4-A38B4E4D2CDA}"
EndProject
Global
	GlobalSection(SolutionConfigurationPlatforms) = preSolution
		Debug|Any CPU = Debug|Any CPU
		Release|Any CPU = Release|Any CPU
	EndGlobalSection
	GlobalSection(ProjectConfigurationPlatforms) = postSolution
		{B3C15481-0CD6-4ED7-8545-BE9256FBEEDD}.Debug|Any CPU.ActiveCfg = Debug|Any CPU
		{B3C15481-0CD6-4ED7-8545-BE9256FBEEDD}.Debug|Any CPU.Build.0 = Debug|Any CPU
		{B3C15481-0CD6-4ED7-8545-BE9256FBEEDD}.Release|Any CPU.ActiveCfg = Release|Any CPU
		{B3C15481-0CD6-4ED7-8545-BE9256FBEEDD}.Release|Any CPU.Build.0 = Release|Any CPU
		{A8E49545-0E83-44BF-ADB4-A38B4E4D2CDA}.Debug|Any CPU.ActiveCfg = Debug|Any CPU
		{A8E49545-0E83-44BF-ADB4-A38B4E4D2CDA}.Debug|Any CPU.Build.0 = Debug|Any CPU
		{A8E49545-0E83-44BF-ADB4-A38B4E4D2CDA}.Release|Any CPU.ActiveCfg = Release|Any CPU
		{A8E49545-0E83-44BF-ADB4-A38B4E4D2CDA}.Release|Any CPU.Build.0 = Release|Any CPU
	EndGlobalSection
	GlobalSection(SolutionProperties) = preSolution
		HideSolutionNode = FALSE
	EndGlobalSection
	GlobalSection(ExtensibilityGlobals) = postSolution
		SolutionGuid = {6678A51C-E2DF-4911-8DC7-0F6C69A51292}
	EndGlobalSection
EndGlobal
