
Microsoft Visual Studio Solution File, Format Version 12.00
# Visual Studio Version 16
VisualStudioVersion = 16.0.32901.82
MinimumVisualStudioVersion = 10.0.40219.1
Project("{FAE04EC0-301F-11D3-BF4B-00C04F79EFBC}") = "ConditionalAttr", "ConditionalAttr.csproj", "{0ADB9930-F9B0-42D8-933A-E28EE694474A}"
EndProject
Global
	GlobalSection(SolutionConfigurationPlatforms) = preSolution
		Debug|Any CPU = Debug|Any CPU
		Release|Any CPU = Release|Any CPU
	EndGlobalSection
	GlobalSection(ProjectConfigurationPlatforms) = postSolution
		{0ADB9930-F9B0-42D8-933A-E28EE694474A}.Debug|Any CPU.ActiveCfg = Debug|Any CPU
		{0ADB9930-F9B0-42D8-933A-E28EE694474A}.Debug|Any CPU.Build.0 = Debug|Any CPU
		{0ADB9930-F9B0-42D8-933A-E28EE694474A}.Release|Any CPU.ActiveCfg = Release|Any CPU
		{0ADB9930-F9B0-42D8-933A-E28EE694474A}.Release|Any CPU.Build.0 = Release|Any CPU
	EndGlobalSection
	GlobalSection(SolutionProperties) = preSolution
		HideSolutionNode = FALSE
	EndGlobalSection
	GlobalSection(ExtensibilityGlobals) = postSolution
		SolutionGuid = {693E3CC0-3486-4DDE-BFFC-3DB4E9FB0869}
	EndGlobalSection
EndGlobal
